// !$*UTF8*$!
{
	archiveVersion = 1;
	classes = {
	};
	objectVersion = 46;
	objects = {

/* Begin PBXBuildFile section */
		353D30291D5CA7BF0062B53D /* main.m in Sources */ = {isa = PBXBuildFile; fileRef = 353D30281D5CA7BF0062B53D /* main.m */; };
		353D302C1D5CA7BF0062B53D /* AppDelegate.m in Sources */ = {isa = PBXBuildFile; fileRef = 353D302B1D5CA7BF0062B53D /* AppDelegate.m */; };
		353D302F1D5CA7BF0062B53D /* ViewController.m in Sources */ = {isa = PBXBuildFile; fileRef = 353D302E1D5CA7BF0062B53D /* ViewController.m */; };
		353D30321D5CA7BF0062B53D /* Main.storyboard in Resources */ = {isa = PBXBuildFile; fileRef = 353D30301D5CA7BF0062B53D /* Main.storyboard */; };
		353D30341D5CA7BF0062B53D /* Assets.xcassets in Resources */ = {isa = PBXBuildFile; fileRef = 353D30331D5CA7BF0062B53D /* Assets.xcassets */; };
		353D30371D5CA7BF0062B53D /* LaunchScreen.storyboard in Resources */ = {isa = PBXBuildFile; fileRef = 353D30351D5CA7BF0062B53D /* LaunchScreen.storyboard */; };
/* End PBXBuildFile section */

/* Begin PBXFileReference section */
		353D30241D5CA7BF0062B53D /* PCHTest.app */ = {isa = PBXFileReference; explicitFileType = wrapper.application; includeInIndex = 0; path = PCHTest.app; sourceTree = BUILT_PRODUCTS_DIR; };
		353D30281D5CA7BF0062B53D /* main.m */ = {isa = PBXFileReference; lastKnownFileType = sourcecode.c.objc; path = main.m; sourceTree = "<group>"; };
		353D302A1D5CA7BF0062B53D /* AppDelegate.h */ = {isa = PBXFileReference; lastKnownFileType = sourcecode.c.h; path = AppDelegate.h; sourceTree = "<group>"; };
		353D302B1D5CA7BF0062B53D /* AppDelegate.m */ = {isa = PBXFileReference; lastKnownFileType = sourcecode.c.objc; path = AppDelegate.m; sourceTree = "<group>"; };
		353D302D1D5CA7BF0062B53D /* ViewController.h */ = {isa = PBXFileReference; lastKnownFileType = sourcecode.c.h; path = ViewController.h; sourceTree = "<group>"; };
		353D302E1D5CA7BF0062B53D /* ViewController.m */ = {isa = PBXFileReference; lastKnownFileType = sourcecode.c.objc; path = ViewController.m; sourceTree = "<group>"; };
		353D30311D5CA7BF0062B53D /* Base */ = {isa = PBXFileReference; lastKnownFileType = file.storyboard; name = Base; path = Base.lproj/Main.storyboard; sourceTree = "<group>"; };
		353D30331D5CA7BF0062B53D /* Assets.xcassets */ = {isa = PBXFileReference; lastKnownFileType = folder.assetcatalog; path = Assets.xcassets; sourceTree = "<group>"; };
		353D30361D5CA7BF0062B53D /* Base */ = {isa = PBXFileReference; lastKnownFileType = file.storyboard; name = Base; path = Base.lproj/LaunchScreen.storyboard; sourceTree = "<group>"; };
		353D30381D5CA7BF0062B53D /* Info.plist */ = {isa = PBXFileReference; lastKnownFileType = text.plist.xml; path = Info.plist; sourceTree = "<group>"; };
		353D303E1D5CAE2F0062B53D /* Prefix.pch */ = {isa = PBXFileReference; fileEncoding = 4; lastKnownFileType = sourcecode.c.h; path = Prefix.pch; sourceTree = "<group>"; };
/* End PBXFileReference section */

/* Begin PBXFrameworksBuildPhase section */
		353D30211D5CA7BF0062B53D /* Frameworks */ = {
			isa = PBXFrameworksBuildPhase;
			buildActionMask = 2147483647;
			files = (
			);
			runOnlyForDeploymentPostprocessing = 0;
		};
/* End PBXFrameworksBuildPhase section */

/* Begin PBXGroup section */
		353D301B1D5CA7BF0062B53D = {
			isa = PBXGroup;
			children = (
				353D30261D5CA7BF0062B53D /* PCHTest */,
				353D30251D5CA7BF0062B53D /* Products */,
			);
			sourceTree = "<group>";
		};
		353D30251D5CA7BF0062B53D /* Products */ = {
			isa = PBXGroup;
			children = (
				353D30241D5CA7BF0062B53D /* PCHTest.app */,
			);
			name = Products;
			sourceTree = "<group>";
		};
		353D30261D5CA7BF0062B53D /* PCHTest */ = {
			isa = PBXGroup;
			children = (
				353D302A1D5CA7BF0062B53D /* AppDelegate.h */,
				353D302B1D5CA7BF0062B53D /* AppDelegate.m */,
				353D302D1D5CA7BF0062B53D /* ViewController.h */,
				353D302E1D5CA7BF0062B53D /* ViewController.m */,
				353D30301D5CA7BF0062B53D /* Main.storyboard */,
				353D30331D5CA7BF0062B53D /* Assets.xcassets */,
				353D30351D5CA7BF0062B53D /* LaunchScreen.storyboard */,
				353D30381D5CA7BF0062B53D /* Info.plist */,
				353D30271D5CA7BF0062B53D /* Supporting Files */,
			);
			path = PCHTest;
			sourceTree = "<group>";
		};
		353D30271D5CA7BF0062B53D /* Supporting Files */ = {
			isa = PBXGroup;
			children = (
				353D30281D5CA7BF0062B53D /* main.m */,
				353D303E1D5CAE2F0062B53D /* Prefix.pch */,
			);
			name = "Supporting Files";
			sourceTree = "<group>";
		};
/* End PBXGroup section */

/* Begin PBXNativeTarget section */
		353D30231D5CA7BF0062B53D /* PCHTest */ = {
			isa = PBXNativeTarget;
			buildConfigurationList = 353D303B1D5CA7BF0062B53D /* Build configuration list for PBXNativeTarget "PCHTest" */;
			buildPhases = (
				353D30201D5CA7BF0062B53D /* Sources */,
				353D30211D5CA7BF0062B53D /* Frameworks */,
				353D30221D5CA7BF0062B53D /* Resources */,
			);
			buildRules = (
			);
			dependencies = (
			);
			name = PCHTest;
			productName = PCHTest;
			productReference = 353D30241D5CA7BF0062B53D /* PCHTest.app */;
			productType = "com.apple.product-type.application";
		};
/* End PBXNativeTarget section */

/* Begin PBXProject section */
		353D301C1D5CA7BF0062B53D /* Project object */ = {
			isa = PBXProject;
			attributes = {
				LastUpgradeCheck = 0720;
				ORGANIZATIONNAME = linw;
				TargetAttributes = {
					353D30231D5CA7BF0062B53D = {
						CreatedOnToolsVersion = 7.2.1;
						DevelopmentTeam = KQ93P39MFH;
					};
				};
			};
			buildConfigurationList = 353D301F1D5CA7BF0062B53D /* Build configuration list for PBXProject "PCHTest" */;
			compatibilityVersion = "Xcode 3.2";
			developmentRegion = English;
			hasScannedForEncodings = 0;
			knownRegions = (
				en,
				Base,
			);
			mainGroup = 353D301B1D5CA7BF0062B53D;
			productRefGroup = 353D30251D5CA7BF0062B53D /* Products */;
			projectDirPath = "";
			projectRoot = "";
			targets = (
				353D30231D5CA7BF0062B53D /* PCHTest */,
			);
		};
/* End PBXProject section */

/* Begin PBXResourcesBuildPhase section */
		353D30221D5CA7BF0062B53D /* Resources */ = {
			isa = PBXResourcesBuildPhase;
			buildActionMask = 2147483647;
			files = (
				353D30371D5CA7BF0062B53D /* LaunchScreen.storyboard in Resources */,
				353D30341D5CA7BF0062B53D /* Assets.xcassets in Resources */,
				353D30321D5CA7BF0062B53D /* Main.storyboard in Resources */,
			);
			runOnlyForDeploymentPostprocessing = 0;
		};
/* End PBXResourcesBuildPhase section */

/* Begin PBXSourcesBuildPhase section */
		353D30201D5CA7BF0062B53D /* Sources */ = {
			isa = PBXSourcesBuildPhase;
			buildActionMask = 2147483647;
			files = (
				353D302F1D5CA7BF0062B53D /* ViewController.m in Sources */,
				353D302C1D5CA7BF0062B53D /* AppDelegate.m in Sources */,
				353D30291D5CA7BF0062B53D /* main.m in Sources */,
			);
			runOnlyForDeploymentPostprocessing = 0;
		};
/* End PBXSourcesBuildPhase section */

/* Begin PBXVariantGroup section */
		353D30301D5CA7BF0062B53D /* Main.storyboard */ = {
			isa = PBXVariantGroup;
			children = (
				353D30311D5CA7BF0062B53D /* Base */,
			);
			name = Main.storyboard;
			sourceTree = "<group>";
		};
		353D30351D5CA7BF0062B53D /* LaunchScreen.storyboard */ = {
			isa = PBXVariantGroup;
			children = (
				353D30361D5CA7BF0062B53D /* Base */,
			);
			name = LaunchScreen.storyboard;
			sourceTree = "<group>";
		};
/* End PBXVariantGroup section */

/* Begin XCBuildConfiguration section */
		353D30391D5CA7BF0062B53D /* Debug */ = {
			isa = XCBuildConfiguration;
			buildSettings = {
				ALWAYS_SEARCH_USER_PATHS = NO;
				CLANG_CXX_LANGUAGE_STANDARD = "gnu++0x";
				CLANG_CXX_LIBRARY = "libc++";
				CLANG_ENABLE_MODULES = YES;
				CLANG_ENABLE_OBJC_ARC = YES;
				CLANG_WARN_BOOL_CONVERSION = YES;
				CLANG_WARN_CONSTANT_CONVERSION = YES;
				CLANG_WARN_DIRECT_OBJC_ISA_USAGE = YES_ERROR;
				CLANG_WARN_EMPTY_BODY = YES;
				CLANG_WARN_ENUM_CONVERSION = YES;
				CLANG_WARN_INT_CONVERSION = YES;
				CLANG_WARN_OBJC_ROOT_CLASS = YES_ERROR;
				CLANG_WARN_UNREACHABLE_CODE = YES;
				CLANG_WARN__DUPLICATE_METHOD_MATCH = YES;
				"CODE_SIGN_IDENTITY[sdk=iphoneos*]" = "iPhone Developer";
				COPY_PHASE_STRIP = NO;
				DEBUG_INFORMATION_FORMAT = dwarf;
				ENABLE_STRICT_OBJC_MSGSEND = YES;
				ENABLE_TESTABILITY = YES;
				GCC_C_LANGUAGE_STANDARD = gnu99;
				GCC_DYNAMIC_NO_PIC = NO;
				GCC_NO_COMMON_BLOCKS = YES;
				GCC_OPTIMIZATION_LEVEL = 0;
				GCC_PREPROCESSOR_DEFINITIONS = (
					"DEBUG=1",
					"$(inherited)",
				);
				GCC_WARN_64_TO_32_BIT_CONVERSION = YES;
				GCC_WARN_ABOUT_RETURN_TYPE = YES_ERROR;
				GCC_WARN_UNDECLARED_SELECTOR = YES;
				GCC_WARN_UNINITIALIZED_AUTOS = YES_AGGRESSIVE;
				GCC_WARN_UNUSED_FUNCTION = YES;
				GCC_WARN_UNUSED_VARIABLE = YES;
				IPHONEOS_DEPLOYMENT_TARGET = 9.2;
				MTL_ENABLE_DEBUG_INFO = YES;
				ONLY_ACTIVE_ARCH = YES;
				SDKROOT = iphoneos;
			};
			name = Debug;
		};
		353D303A1D5CA7BF0062B53D /* Release */ = {
			isa = XCBuildConfiguration;
			buildSettings = {
				ALWAYS_SEARCH_USER_PATHS = NO;
				CLANG_CXX_LANGUAGE_STANDARD = "gnu++0x";
				CLANG_CXX_LIBRARY = "libc++";
				CLANG_ENABLE_MODULES = YES;
				CLANG_ENABLE_OBJC_ARC = YES;
				CLANG_WARN_BOOL_CONVERSION = YES;
				CLANG_WARN_CONSTANT_CONVERSION = YES;
				CLANG_WARN_DIRECT_OBJC_ISA_USAGE = YES_ERROR;
				CLANG_WARN_EMPTY_BODY = YES;
				CLANG_WARN_ENUM_CONVERSION = YES;
				CLANG_WARN_INT_CONVERSION = YES;
				CLANG_WARN_OBJC_ROOT_CLASS = YES_ERROR;
				CLANG_WARN_UNREACHABLE_CODE = YES;
				CLANG_WARN__DUPLICATE_METHOD_MATCH = YES;
				"CODE_SIGN_IDENTITY[sdk=iphoneos*]" = "iPhone Developer";
				COPY_PHASE_STRIP = NO;
				DEBUG_INFORMATION_FORMAT = "dwarf-with-dsym";
				ENABLE_NS_ASSERTIONS = NO;
				ENABLE_STRICT_OBJC_MSGSEND = YES;
				GCC_C_LANGUAGE_STANDARD = gnu99;
				GCC_NO_COMMON_BLOCKS = YES;
				GCC_WARN_64_TO_32_BIT_CONVERSION = YES;
				GCC_WARN_ABOUT_RETURN_TYPE = YES_ERROR;
				GCC_WARN_UNDECLARED_SELECTOR = YES;
				GCC_WARN_UNINITIALIZED_AUTOS = YES_AGGRESSIVE;
				GCC_WARN_UNUSED_FUNCTION = YES;
				GCC_WARN_UNUSED_VARIABLE = YES;
				IPHONEOS_DEPLOYMENT_TARGET = 9.2;
				MTL_ENABLE_DEBUG_INFO = NO;
				SDKROOT = iphoneos;
				VALIDATE_PRODUCT = YES;
			};
			name = Release;
		};
		353D303C1D5CA7BF0062B53D /* Debug */ = {
			isa = XCBuildConfiguration;
			buildSettings = {
				ASSETCATALOG_COMPILER_APPICON_NAME = AppIcon;
				GCC_PRECOMPILE_PREFIX_HEADER = YES;
				GCC_PREFIX_HEADER = PCHTest/Prefix.pch;
				INFOPLIST_FILE = PCHTest/Info.plist;
				LD_RUNPATH_SEARCH_PATHS = "$(inherited) @executable_path/Frameworks";
				PRODUCT_BUNDLE_IDENTIFIER = linw.PCHTest;
				PRODUCT_NAME = "$(TARGET_NAME)";
			};
			name = Debug;
		};
		353D303D1D5CA7BF0062B53D /* Release */ = {
			isa = XCBuildConfiguration;
			buildSettings = {
				ASSETCATALOG_COMPILER_APPICON_NAME = AppIcon;
				GCC_PRECOMPILE_PREFIX_HEADER = YES;
				GCC_PREFIX_HEADER = PCHTest/Prefix.pch;
				INFOPLIST_FILE = PCHTest/Info.plist;
				LD_RUNPATH_SEARCH_PATHS = "$(inherited) @executable_path/Frameworks";
				PRODUCT_BUNDLE_IDENTIFIER = linw.PCHTest;
				PRODUCT_NAME = "$(TARGET_NAME)";
			};
			name = Release;
		};
/* End XCBuildConfiguration section */

/* Begin XCConfigurationList section */
		353D301F1D5CA7BF0062B53D /* Build configuration list for PBXProject "PCHTest" */ = {
			isa = XCConfigurationList;
			buildConfigurations = (
				353D30391D5CA7BF0062B53D /* Debug */,
				353D303A1D5CA7BF0062B53D /* Release */,
			);
			defaultConfigurationIsVisible = 0;
			defaultConfigurationName = Release;
		};
		353D303B1D5CA7BF0062B53D /* Build configuration list for PBXNativeTarget "PCHTest" */ = {
			isa = XCConfigurationList;
			buildConfigurations = (
				353D303C1D5CA7BF0062B53D /* Debug */,
				353D303D1D5CA7BF0062B53D /* Release */,
			);
			defaultConfigurationIsVisible = 0;
		};
/* End XCConfigurationList section */
	};
	rootObject = 353D301C1D5CA7BF0062B53D /* Project object */;
}
