// !$*UTF8*$!
{
	archiveVersion = 1;
	classes = {
	};
	objectVersion = 46;
	objects = {

/* Begin PBXBuildFile section */
		35E7FF861D672B2200D1AF2B /* main.m in Sources */ = {isa = PBXBuildFile; fileRef = 35E7FF851D672B2200D1AF2B /* main.m */; };
		35E7FF891D672B2200D1AF2B /* AppDelegate.m in Sources */ = {isa = PBXBuildFile; fileRef = 35E7FF881D672B2200D1AF2B /* AppDelegate.m */; };
		35E7FF8C1D672B2200D1AF2B /* ViewController.m in Sources */ = {isa = PBXBuildFile; fileRef = 35E7FF8B1D672B2200D1AF2B /* ViewController.m */; };
		35E7FF8F1D672B2200D1AF2B /* Main.storyboard in Resources */ = {isa = PBXBuildFile; fileRef = 35E7FF8D1D672B2200D1AF2B /* Main.storyboard */; };
		35E7FF911D672B2200D1AF2B /* Assets.xcassets in Resources */ = {isa = PBXBuildFile; fileRef = 35E7FF901D672B2200D1AF2B /* Assets.xcassets */; };
		35E7FF941D672B2200D1AF2B /* LaunchScreen.storyboard in Resources */ = {isa = PBXBuildFile; fileRef = 35E7FF921D672B2200D1AF2B /* LaunchScreen.storyboard */; };
		35E7FF9E1D6730A000D1AF2B /* WithXibViewController.m in Sources */ = {isa = PBXBuildFile; fileRef = 35E7FF9C1D6730A000D1AF2B /* WithXibViewController.m */; };
		35E7FF9F1D6730A000D1AF2B /* WithXibViewController.xib in Resources */ = {isa = PBXBuildFile; fileRef = 35E7FF9D1D6730A000D1AF2B /* WithXibViewController.xib */; };
/* End PBXBuildFile section */

/* Begin PBXFileReference section */
		35E7FF811D672B2200D1AF2B /* 19-创建控制器.app */ = {isa = PBXFileReference; explicitFileType = wrapper.application; includeInIndex = 0; path = "19-创建控制器.app"; sourceTree = BUILT_PRODUCTS_DIR; };
		35E7FF851D672B2200D1AF2B /* main.m */ = {isa = PBXFileReference; lastKnownFileType = sourcecode.c.objc; path = main.m; sourceTree = "<group>"; };
		35E7FF871D672B2200D1AF2B /* AppDelegate.h */ = {isa = PBXFileReference; lastKnownFileType = sourcecode.c.h; path = AppDelegate.h; sourceTree = "<group>"; };
		35E7FF881D672B2200D1AF2B /* AppDelegate.m */ = {isa = PBXFileReference; lastKnownFileType = sourcecode.c.objc; path = AppDelegate.m; sourceTree = "<group>"; };
		35E7FF8A1D672B2200D1AF2B /* ViewController.h */ = {isa = PBXFileReference; lastKnownFileType = sourcecode.c.h; path = ViewController.h; sourceTree = "<group>"; };
		35E7FF8B1D672B2200D1AF2B /* ViewController.m */ = {isa = PBXFileReference; lastKnownFileType = sourcecode.c.objc; path = ViewController.m; sourceTree = "<group>"; };
		35E7FF8E1D672B2200D1AF2B /* Base */ = {isa = PBXFileReference; lastKnownFileType = file.storyboard; name = Base; path = Base.lproj/Main.storyboard; sourceTree = "<group>"; };
		35E7FF901D672B2200D1AF2B /* Assets.xcassets */ = {isa = PBXFileReference; lastKnownFileType = folder.assetcatalog; path = Assets.xcassets; sourceTree = "<group>"; };
		35E7FF931D672B2200D1AF2B /* Base */ = {isa = PBXFileReference; lastKnownFileType = file.storyboard; name = Base; path = Base.lproj/LaunchScreen.storyboard; sourceTree = "<group>"; };
		35E7FF951D672B2200D1AF2B /* Info.plist */ = {isa = PBXFileReference; lastKnownFileType = text.plist.xml; path = Info.plist; sourceTree = "<group>"; };
		35E7FF9B1D6730A000D1AF2B /* WithXibViewController.h */ = {isa = PBXFileReference; fileEncoding = 4; lastKnownFileType = sourcecode.c.h; path = WithXibViewController.h; sourceTree = "<group>"; };
		35E7FF9C1D6730A000D1AF2B /* WithXibViewController.m */ = {isa = PBXFileReference; fileEncoding = 4; lastKnownFileType = sourcecode.c.objc; path = WithXibViewController.m; sourceTree = "<group>"; };
		35E7FF9D1D6730A000D1AF2B /* WithXibViewController.xib */ = {isa = PBXFileReference; fileEncoding = 4; lastKnownFileType = file.xib; path = WithXibViewController.xib; sourceTree = "<group>"; };
/* End PBXFileReference section */

/* Begin PBXFrameworksBuildPhase section */
		35E7FF7E1D672B2200D1AF2B /* Frameworks */ = {
			isa = PBXFrameworksBuildPhase;
			buildActionMask = 2147483647;
			files = (
			);
			runOnlyForDeploymentPostprocessing = 0;
		};
/* End PBXFrameworksBuildPhase section */

/* Begin PBXGroup section */
		35E7FF781D672B2200D1AF2B = {
			isa = PBXGroup;
			children = (
				35E7FF831D672B2200D1AF2B /* 19-创建控制器 */,
				35E7FF821D672B2200D1AF2B /* Products */,
			);
			sourceTree = "<group>";
		};
		35E7FF821D672B2200D1AF2B /* Products */ = {
			isa = PBXGroup;
			children = (
				35E7FF811D672B2200D1AF2B /* 19-创建控制器.app */,
			);
			name = Products;
			sourceTree = "<group>";
		};
		35E7FF831D672B2200D1AF2B /* 19-创建控制器 */ = {
			isa = PBXGroup;
			children = (
				35E7FF871D672B2200D1AF2B /* AppDelegate.h */,
				35E7FF881D672B2200D1AF2B /* AppDelegate.m */,
				35E7FF8A1D672B2200D1AF2B /* ViewController.h */,
				35E7FF8B1D672B2200D1AF2B /* ViewController.m */,
				35E7FF8D1D672B2200D1AF2B /* Main.storyboard */,
				35E7FF901D672B2200D1AF2B /* Assets.xcassets */,
				35E7FF921D672B2200D1AF2B /* LaunchScreen.storyboard */,
				35E7FF951D672B2200D1AF2B /* Info.plist */,
				35E7FF841D672B2200D1AF2B /* Supporting Files */,
				35E7FF9B1D6730A000D1AF2B /* WithXibViewController.h */,
				35E7FF9C1D6730A000D1AF2B /* WithXibViewController.m */,
				35E7FF9D1D6730A000D1AF2B /* WithXibViewController.xib */,
			);
			path = "19-创建控制器";
			sourceTree = "<group>";
		};
		35E7FF841D672B2200D1AF2B /* Supporting Files */ = {
			isa = PBXGroup;
			children = (
				35E7FF851D672B2200D1AF2B /* main.m */,
			);
			name = "Supporting Files";
			sourceTree = "<group>";
		};
/* End PBXGroup section */

/* Begin PBXNativeTarget section */
		35E7FF801D672B2200D1AF2B /* 19-创建控制器 */ = {
			isa = PBXNativeTarget;
			buildConfigurationList = 35E7FF981D672B2200D1AF2B /* Build configuration list for PBXNativeTarget "19-创建控制器" */;
			buildPhases = (
				35E7FF7D1D672B2200D1AF2B /* Sources */,
				35E7FF7E1D672B2200D1AF2B /* Frameworks */,
				35E7FF7F1D672B2200D1AF2B /* Resources */,
			);
			buildRules = (
			);
			dependencies = (
			);
			name = "19-创建控制器";
			productName = "19-创建控制器";
			productReference = 35E7FF811D672B2200D1AF2B /* 19-创建控制器.app */;
			productType = "com.apple.product-type.application";
		};
/* End PBXNativeTarget section */

/* Begin PBXProject section */
		35E7FF791D672B2200D1AF2B /* Project object */ = {
			isa = PBXProject;
			attributes = {
				LastUpgradeCheck = 0720;
				ORGANIZATIONNAME = linw;
				TargetAttributes = {
					35E7FF801D672B2200D1AF2B = {
						CreatedOnToolsVersion = 7.2.1;
						DevelopmentTeam = KQ93P39MFH;
					};
				};
			};
			buildConfigurationList = 35E7FF7C1D672B2200D1AF2B /* Build configuration list for PBXProject "19-创建控制器" */;
			compatibilityVersion = "Xcode 3.2";
			developmentRegion = English;
			hasScannedForEncodings = 0;
			knownRegions = (
				en,
				Base,
			);
			mainGroup = 35E7FF781D672B2200D1AF2B;
			productRefGroup = 35E7FF821D672B2200D1AF2B /* Products */;
			projectDirPath = "";
			projectRoot = "";
			targets = (
				35E7FF801D672B2200D1AF2B /* 19-创建控制器 */,
			);
		};
/* End PBXProject section */

/* Begin PBXResourcesBuildPhase section */
		35E7FF7F1D672B2200D1AF2B /* Resources */ = {
			isa = PBXResourcesBuildPhase;
			buildActionMask = 2147483647;
			files = (
				35E7FF9F1D6730A000D1AF2B /* WithXibViewController.xib in Resources */,
				35E7FF941D672B2200D1AF2B /* LaunchScreen.storyboard in Resources */,
				35E7FF911D672B2200D1AF2B /* Assets.xcassets in Resources */,
				35E7FF8F1D672B2200D1AF2B /* Main.storyboard in Resources */,
			);
			runOnlyForDeploymentPostprocessing = 0;
		};
/* End PBXResourcesBuildPhase section */

/* Begin PBXSourcesBuildPhase section */
		35E7FF7D1D672B2200D1AF2B /* Sources */ = {
			isa = PBXSourcesBuildPhase;
			buildActionMask = 2147483647;
			files = (
				35E7FF9E1D6730A000D1AF2B /* WithXibViewController.m in Sources */,
				35E7FF8C1D672B2200D1AF2B /* ViewController.m in Sources */,
				35E7FF891D672B2200D1AF2B /* AppDelegate.m in Sources */,
				35E7FF861D672B2200D1AF2B /* main.m in Sources */,
			);
			runOnlyForDeploymentPostprocessing = 0;
		};
/* End PBXSourcesBuildPhase section */

/* Begin PBXVariantGroup section */
		35E7FF8D1D672B2200D1AF2B /* Main.storyboard */ = {
			isa = PBXVariantGroup;
			children = (
				35E7FF8E1D672B2200D1AF2B /* Base */,
			);
			name = Main.storyboard;
			sourceTree = "<group>";
		};
		35E7FF921D672B2200D1AF2B /* LaunchScreen.storyboard */ = {
			isa = PBXVariantGroup;
			children = (
				35E7FF931D672B2200D1AF2B /* Base */,
			);
			name = LaunchScreen.storyboard;
			sourceTree = "<group>";
		};
/* End PBXVariantGroup section */

/* Begin XCBuildConfiguration section */
		35E7FF961D672B2200D1AF2B /* Debug */ = {
			isa = XCBuildConfiguration;
			buildSettings = {
				ALWAYS_SEARCH_USER_PATHS = NO;
				CLANG_CXX_LANGUAGE_STANDARD = "gnu++0x";
				CLANG_CXX_LIBRARY = "libc++";
				CLANG_ENABLE_MODULES = YES;
				CLANG_ENABLE_OBJC_ARC = YES;
				CLANG_WARN_BOOL_CONVERSION = YES;
				CLANG_WARN_CONSTANT_CONVERSION = YES;
				CLANG_WARN_DIRECT_OBJC_ISA_USAGE = YES_ERROR;
				CLANG_WARN_EMPTY_BODY = YES;
				CLANG_WARN_ENUM_CONVERSION = YES;
				CLANG_WARN_INT_CONVERSION = YES;
				CLANG_WARN_OBJC_ROOT_CLASS = YES_ERROR;
				CLANG_WARN_UNREACHABLE_CODE = YES;
				CLANG_WARN__DUPLICATE_METHOD_MATCH = YES;
				"CODE_SIGN_IDENTITY[sdk=iphoneos*]" = "iPhone Developer";
				COPY_PHASE_STRIP = NO;
				DEBUG_INFORMATION_FORMAT = dwarf;
				ENABLE_STRICT_OBJC_MSGSEND = YES;
				ENABLE_TESTABILITY = YES;
				GCC_C_LANGUAGE_STANDARD = gnu99;
				GCC_DYNAMIC_NO_PIC = NO;
				GCC_NO_COMMON_BLOCKS = YES;
				GCC_OPTIMIZATION_LEVEL = 0;
				GCC_PREPROCESSOR_DEFINITIONS = (
					"DEBUG=1",
					"$(inherited)",
				);
				GCC_WARN_64_TO_32_BIT_CONVERSION = YES;
				GCC_WARN_ABOUT_RETURN_TYPE = YES_ERROR;
				GCC_WARN_UNDECLARED_SELECTOR = YES;
				GCC_WARN_UNINITIALIZED_AUTOS = YES_AGGRESSIVE;
				GCC_WARN_UNUSED_FUNCTION = YES;
				GCC_WARN_UNUSED_VARIABLE = YES;
				IPHONEOS_DEPLOYMENT_TARGET = 9.2;
				MTL_ENABLE_DEBUG_INFO = YES;
				ONLY_ACTIVE_ARCH = YES;
				SDKROOT = iphoneos;
			};
			name = Debug;
		};
		35E7FF971D672B2200D1AF2B /* Release */ = {
			isa = XCBuildConfiguration;
			buildSettings = {
				ALWAYS_SEARCH_USER_PATHS = NO;
				CLANG_CXX_LANGUAGE_STANDARD = "gnu++0x";
				CLANG_CXX_LIBRARY = "libc++";
				CLANG_ENABLE_MODULES = YES;
				CLANG_ENABLE_OBJC_ARC = YES;
				CLANG_WARN_BOOL_CONVERSION = YES;
				CLANG_WARN_CONSTANT_CONVERSION = YES;
				CLANG_WARN_DIRECT_OBJC_ISA_USAGE = YES_ERROR;
				CLANG_WARN_EMPTY_BODY = YES;
				CLANG_WARN_ENUM_CONVERSION = YES;
				CLANG_WARN_INT_CONVERSION = YES;
				CLANG_WARN_OBJC_ROOT_CLASS = YES_ERROR;
				CLANG_WARN_UNREACHABLE_CODE = YES;
				CLANG_WARN__DUPLICATE_METHOD_MATCH = YES;
				"CODE_SIGN_IDENTITY[sdk=iphoneos*]" = "iPhone Developer";
				COPY_PHASE_STRIP = NO;
				DEBUG_INFORMATION_FORMAT = "dwarf-with-dsym";
				ENABLE_NS_ASSERTIONS = NO;
				ENABLE_STRICT_OBJC_MSGSEND = YES;
				GCC_C_LANGUAGE_STANDARD = gnu99;
				GCC_NO_COMMON_BLOCKS = YES;
				GCC_WARN_64_TO_32_BIT_CONVERSION = YES;
				GCC_WARN_ABOUT_RETURN_TYPE = YES_ERROR;
				GCC_WARN_UNDECLARED_SELECTOR = YES;
				GCC_WARN_UNINITIALIZED_AUTOS = YES_AGGRESSIVE;
				GCC_WARN_UNUSED_FUNCTION = YES;
				GCC_WARN_UNUSED_VARIABLE = YES;
				IPHONEOS_DEPLOYMENT_TARGET = 9.2;
				MTL_ENABLE_DEBUG_INFO = NO;
				SDKROOT = iphoneos;
				VALIDATE_PRODUCT = YES;
			};
			name = Release;
		};
		35E7FF991D672B2200D1AF2B /* Debug */ = {
			isa = XCBuildConfiguration;
			buildSettings = {
				ASSETCATALOG_COMPILER_APPICON_NAME = AppIcon;
				INFOPLIST_FILE = "19-创建控制器/Info.plist";
				LD_RUNPATH_SEARCH_PATHS = "$(inherited) @executable_path/Frameworks";
				PRODUCT_BUNDLE_IDENTIFIER = "linw.-9------";
				PRODUCT_NAME = "$(TARGET_NAME)";
			};
			name = Debug;
		};
		35E7FF9A1D672B2200D1AF2B /* Release */ = {
			isa = XCBuildConfiguration;
			buildSettings = {
				ASSETCATALOG_COMPILER_APPICON_NAME = AppIcon;
				INFOPLIST_FILE = "19-创建控制器/Info.plist";
				LD_RUNPATH_SEARCH_PATHS = "$(inherited) @executable_path/Frameworks";
				PRODUCT_BUNDLE_IDENTIFIER = "linw.-9------";
				PRODUCT_NAME = "$(TARGET_NAME)";
			};
			name = Release;
		};
/* End XCBuildConfiguration section */

/* Begin XCConfigurationList section */
		35E7FF7C1D672B2200D1AF2B /* Build configuration list for PBXProject "19-创建控制器" */ = {
			isa = XCConfigurationList;
			buildConfigurations = (
				35E7FF961D672B2200D1AF2B /* Debug */,
				35E7FF971D672B2200D1AF2B /* Release */,
			);
			defaultConfigurationIsVisible = 0;
			defaultConfigurationName = Release;
		};
		35E7FF981D672B2200D1AF2B /* Build configuration list for PBXNativeTarget "19-创建控制器" */ = {
			isa = XCConfigurationList;
			buildConfigurations = (
				35E7FF991D672B2200D1AF2B /* Debug */,
				35E7FF9A1D672B2200D1AF2B /* Release */,
			);
			defaultConfigurationIsVisible = 0;
		};
/* End XCConfigurationList section */
	};
	rootObject = 35E7FF791D672B2200D1AF2B /* Project object */;
}
