// !$*UTF8*$!
{
	archiveVersion = 1;
	classes = {
	};
	objectVersion = 46;
	objects = {

/* Begin PBXBuildFile section */
		3583FA181D4F8C0B00BD62AD /* LWKBToolBar.m in Sources */ = {isa = PBXBuildFile; fileRef = 3583FA171D4F8C0B00BD62AD /* LWKBToolBar.m */; };
		3583FA1A1D4F8C2A00BD62AD /* LWKBToolBar.xib in Resources */ = {isa = PBXBuildFile; fileRef = 3583FA191D4F8C2A00BD62AD /* LWKBToolBar.xib */; };
		35A34B551D4EB9A800C39813 /* main.m in Sources */ = {isa = PBXBuildFile; fileRef = 35A34B541D4EB9A800C39813 /* main.m */; };
		35A34B581D4EB9A800C39813 /* AppDelegate.m in Sources */ = {isa = PBXBuildFile; fileRef = 35A34B571D4EB9A800C39813 /* AppDelegate.m */; };
		35A34B5B1D4EB9A800C39813 /* ViewController.m in Sources */ = {isa = PBXBuildFile; fileRef = 35A34B5A1D4EB9A800C39813 /* ViewController.m */; };
		35A34B5E1D4EB9A800C39813 /* Main.storyboard in Resources */ = {isa = PBXBuildFile; fileRef = 35A34B5C1D4EB9A800C39813 /* Main.storyboard */; };
		35A34B601D4EB9A800C39813 /* Assets.xcassets in Resources */ = {isa = PBXBuildFile; fileRef = 35A34B5F1D4EB9A800C39813 /* Assets.xcassets */; };
		35A34B631D4EB9A800C39813 /* LaunchScreen.storyboard in Resources */ = {isa = PBXBuildFile; fileRef = 35A34B611D4EB9A800C39813 /* LaunchScreen.storyboard */; };
/* End PBXBuildFile section */

/* Begin PBXFileReference section */
		3583FA161D4F8C0B00BD62AD /* LWKBToolBar.h */ = {isa = PBXFileReference; fileEncoding = 4; lastKnownFileType = sourcecode.c.h; path = LWKBToolBar.h; sourceTree = "<group>"; };
		3583FA171D4F8C0B00BD62AD /* LWKBToolBar.m */ = {isa = PBXFileReference; fileEncoding = 4; lastKnownFileType = sourcecode.c.objc; path = LWKBToolBar.m; sourceTree = "<group>"; };
		3583FA191D4F8C2A00BD62AD /* LWKBToolBar.xib */ = {isa = PBXFileReference; fileEncoding = 4; lastKnownFileType = file.xib; path = LWKBToolBar.xib; sourceTree = "<group>"; };
		35A34B501D4EB9A700C39813 /* 01-日期选择器.app */ = {isa = PBXFileReference; explicitFileType = wrapper.application; includeInIndex = 0; path = "01-日期选择器.app"; sourceTree = BUILT_PRODUCTS_DIR; };
		35A34B541D4EB9A800C39813 /* main.m */ = {isa = PBXFileReference; lastKnownFileType = sourcecode.c.objc; path = main.m; sourceTree = "<group>"; };
		35A34B561D4EB9A800C39813 /* AppDelegate.h */ = {isa = PBXFileReference; lastKnownFileType = sourcecode.c.h; path = AppDelegate.h; sourceTree = "<group>"; };
		35A34B571D4EB9A800C39813 /* AppDelegate.m */ = {isa = PBXFileReference; lastKnownFileType = sourcecode.c.objc; path = AppDelegate.m; sourceTree = "<group>"; };
		35A34B591D4EB9A800C39813 /* ViewController.h */ = {isa = PBXFileReference; lastKnownFileType = sourcecode.c.h; path = ViewController.h; sourceTree = "<group>"; };
		35A34B5A1D4EB9A800C39813 /* ViewController.m */ = {isa = PBXFileReference; lastKnownFileType = sourcecode.c.objc; path = ViewController.m; sourceTree = "<group>"; };
		35A34B5D1D4EB9A800C39813 /* Base */ = {isa = PBXFileReference; lastKnownFileType = file.storyboard; name = Base; path = Base.lproj/Main.storyboard; sourceTree = "<group>"; };
		35A34B5F1D4EB9A800C39813 /* Assets.xcassets */ = {isa = PBXFileReference; lastKnownFileType = folder.assetcatalog; path = Assets.xcassets; sourceTree = "<group>"; };
		35A34B621D4EB9A800C39813 /* Base */ = {isa = PBXFileReference; lastKnownFileType = file.storyboard; name = Base; path = Base.lproj/LaunchScreen.storyboard; sourceTree = "<group>"; };
		35A34B641D4EB9A800C39813 /* Info.plist */ = {isa = PBXFileReference; lastKnownFileType = text.plist.xml; path = Info.plist; sourceTree = "<group>"; };
/* End PBXFileReference section */

/* Begin PBXFrameworksBuildPhase section */
		35A34B4D1D4EB9A700C39813 /* Frameworks */ = {
			isa = PBXFrameworksBuildPhase;
			buildActionMask = 2147483647;
			files = (
			);
			runOnlyForDeploymentPostprocessing = 0;
		};
/* End PBXFrameworksBuildPhase section */

/* Begin PBXGroup section */
		35A34B471D4EB9A700C39813 = {
			isa = PBXGroup;
			children = (
				35A34B521D4EB9A700C39813 /* 01-日期选择器 */,
				35A34B511D4EB9A700C39813 /* Products */,
			);
			sourceTree = "<group>";
		};
		35A34B511D4EB9A700C39813 /* Products */ = {
			isa = PBXGroup;
			children = (
				35A34B501D4EB9A700C39813 /* 01-日期选择器.app */,
			);
			name = Products;
			sourceTree = "<group>";
		};
		35A34B521D4EB9A700C39813 /* 01-日期选择器 */ = {
			isa = PBXGroup;
			children = (
				35A34B561D4EB9A800C39813 /* AppDelegate.h */,
				35A34B571D4EB9A800C39813 /* AppDelegate.m */,
				35A34B591D4EB9A800C39813 /* ViewController.h */,
				35A34B5A1D4EB9A800C39813 /* ViewController.m */,
				35A34B5C1D4EB9A800C39813 /* Main.storyboard */,
				35A34B5F1D4EB9A800C39813 /* Assets.xcassets */,
				35A34B611D4EB9A800C39813 /* LaunchScreen.storyboard */,
				35A34B641D4EB9A800C39813 /* Info.plist */,
				35A34B531D4EB9A800C39813 /* Supporting Files */,
				3583FA161D4F8C0B00BD62AD /* LWKBToolBar.h */,
				3583FA171D4F8C0B00BD62AD /* LWKBToolBar.m */,
				3583FA191D4F8C2A00BD62AD /* LWKBToolBar.xib */,
			);
			path = "01-日期选择器";
			sourceTree = "<group>";
		};
		35A34B531D4EB9A800C39813 /* Supporting Files */ = {
			isa = PBXGroup;
			children = (
				35A34B541D4EB9A800C39813 /* main.m */,
			);
			name = "Supporting Files";
			sourceTree = "<group>";
		};
/* End PBXGroup section */

/* Begin PBXNativeTarget section */
		35A34B4F1D4EB9A700C39813 /* 01-日期选择器 */ = {
			isa = PBXNativeTarget;
			buildConfigurationList = 35A34B671D4EB9A800C39813 /* Build configuration list for PBXNativeTarget "01-日期选择器" */;
			buildPhases = (
				35A34B4C1D4EB9A700C39813 /* Sources */,
				35A34B4D1D4EB9A700C39813 /* Frameworks */,
				35A34B4E1D4EB9A700C39813 /* Resources */,
			);
			buildRules = (
			);
			dependencies = (
			);
			name = "01-日期选择器";
			productName = "01-日期选择器";
			productReference = 35A34B501D4EB9A700C39813 /* 01-日期选择器.app */;
			productType = "com.apple.product-type.application";
		};
/* End PBXNativeTarget section */

/* Begin PBXProject section */
		35A34B481D4EB9A700C39813 /* Project object */ = {
			isa = PBXProject;
			attributes = {
				LastUpgradeCheck = 0720;
				ORGANIZATIONNAME = linw;
				TargetAttributes = {
					35A34B4F1D4EB9A700C39813 = {
						CreatedOnToolsVersion = 7.2.1;
					};
				};
			};
			buildConfigurationList = 35A34B4B1D4EB9A700C39813 /* Build configuration list for PBXProject "01-日期选择器" */;
			compatibilityVersion = "Xcode 3.2";
			developmentRegion = English;
			hasScannedForEncodings = 0;
			knownRegions = (
				en,
				Base,
			);
			mainGroup = 35A34B471D4EB9A700C39813;
			productRefGroup = 35A34B511D4EB9A700C39813 /* Products */;
			projectDirPath = "";
			projectRoot = "";
			targets = (
				35A34B4F1D4EB9A700C39813 /* 01-日期选择器 */,
			);
		};
/* End PBXProject section */

/* Begin PBXResourcesBuildPhase section */
		35A34B4E1D4EB9A700C39813 /* Resources */ = {
			isa = PBXResourcesBuildPhase;
			buildActionMask = 2147483647;
			files = (
				35A34B631D4EB9A800C39813 /* LaunchScreen.storyboard in Resources */,
				35A34B601D4EB9A800C39813 /* Assets.xcassets in Resources */,
				35A34B5E1D4EB9A800C39813 /* Main.storyboard in Resources */,
				3583FA1A1D4F8C2A00BD62AD /* LWKBToolBar.xib in Resources */,
			);
			runOnlyForDeploymentPostprocessing = 0;
		};
/* End PBXResourcesBuildPhase section */

/* Begin PBXSourcesBuildPhase section */
		35A34B4C1D4EB9A700C39813 /* Sources */ = {
			isa = PBXSourcesBuildPhase;
			buildActionMask = 2147483647;
			files = (
				35A34B5B1D4EB9A800C39813 /* ViewController.m in Sources */,
				35A34B581D4EB9A800C39813 /* AppDelegate.m in Sources */,
				35A34B551D4EB9A800C39813 /* main.m in Sources */,
				3583FA181D4F8C0B00BD62AD /* LWKBToolBar.m in Sources */,
			);
			runOnlyForDeploymentPostprocessing = 0;
		};
/* End PBXSourcesBuildPhase section */

/* Begin PBXVariantGroup section */
		35A34B5C1D4EB9A800C39813 /* Main.storyboard */ = {
			isa = PBXVariantGroup;
			children = (
				35A34B5D1D4EB9A800C39813 /* Base */,
			);
			name = Main.storyboard;
			sourceTree = "<group>";
		};
		35A34B611D4EB9A800C39813 /* LaunchScreen.storyboard */ = {
			isa = PBXVariantGroup;
			children = (
				35A34B621D4EB9A800C39813 /* Base */,
			);
			name = LaunchScreen.storyboard;
			sourceTree = "<group>";
		};
/* End PBXVariantGroup section */

/* Begin XCBuildConfiguration section */
		35A34B651D4EB9A800C39813 /* Debug */ = {
			isa = XCBuildConfiguration;
			buildSettings = {
				ALWAYS_SEARCH_USER_PATHS = NO;
				CLANG_CXX_LANGUAGE_STANDARD = "gnu++0x";
				CLANG_CXX_LIBRARY = "libc++";
				CLANG_ENABLE_MODULES = YES;
				CLANG_ENABLE_OBJC_ARC = YES;
				CLANG_WARN_BOOL_CONVERSION = YES;
				CLANG_WARN_CONSTANT_CONVERSION = YES;
				CLANG_WARN_DIRECT_OBJC_ISA_USAGE = YES_ERROR;
				CLANG_WARN_EMPTY_BODY = YES;
				CLANG_WARN_ENUM_CONVERSION = YES;
				CLANG_WARN_INT_CONVERSION = YES;
				CLANG_WARN_OBJC_ROOT_CLASS = YES_ERROR;
				CLANG_WARN_UNREACHABLE_CODE = YES;
				CLANG_WARN__DUPLICATE_METHOD_MATCH = YES;
				"CODE_SIGN_IDENTITY[sdk=iphoneos*]" = "iPhone Developer";
				COPY_PHASE_STRIP = NO;
				DEBUG_INFORMATION_FORMAT = dwarf;
				ENABLE_STRICT_OBJC_MSGSEND = YES;
				ENABLE_TESTABILITY = YES;
				GCC_C_LANGUAGE_STANDARD = gnu99;
				GCC_DYNAMIC_NO_PIC = NO;
				GCC_NO_COMMON_BLOCKS = YES;
				GCC_OPTIMIZATION_LEVEL = 0;
				GCC_PREPROCESSOR_DEFINITIONS = (
					"DEBUG=1",
					"$(inherited)",
				);
				GCC_WARN_64_TO_32_BIT_CONVERSION = YES;
				GCC_WARN_ABOUT_RETURN_TYPE = YES_ERROR;
				GCC_WARN_UNDECLARED_SELECTOR = YES;
				GCC_WARN_UNINITIALIZED_AUTOS = YES_AGGRESSIVE;
				GCC_WARN_UNUSED_FUNCTION = YES;
				GCC_WARN_UNUSED_VARIABLE = YES;
				IPHONEOS_DEPLOYMENT_TARGET = 9.2;
				MTL_ENABLE_DEBUG_INFO = YES;
				ONLY_ACTIVE_ARCH = YES;
				SDKROOT = iphoneos;
			};
			name = Debug;
		};
		35A34B661D4EB9A800C39813 /* Release */ = {
			isa = XCBuildConfiguration;
			buildSettings = {
				ALWAYS_SEARCH_USER_PATHS = NO;
				CLANG_CXX_LANGUAGE_STANDARD = "gnu++0x";
				CLANG_CXX_LIBRARY = "libc++";
				CLANG_ENABLE_MODULES = YES;
				CLANG_ENABLE_OBJC_ARC = YES;
				CLANG_WARN_BOOL_CONVERSION = YES;
				CLANG_WARN_CONSTANT_CONVERSION = YES;
				CLANG_WARN_DIRECT_OBJC_ISA_USAGE = YES_ERROR;
				CLANG_WARN_EMPTY_BODY = YES;
				CLANG_WARN_ENUM_CONVERSION = YES;
				CLANG_WARN_INT_CONVERSION = YES;
				CLANG_WARN_OBJC_ROOT_CLASS = YES_ERROR;
				CLANG_WARN_UNREACHABLE_CODE = YES;
				CLANG_WARN__DUPLICATE_METHOD_MATCH = YES;
				"CODE_SIGN_IDENTITY[sdk=iphoneos*]" = "iPhone Developer";
				COPY_PHASE_STRIP = NO;
				DEBUG_INFORMATION_FORMAT = "dwarf-with-dsym";
				ENABLE_NS_ASSERTIONS = NO;
				ENABLE_STRICT_OBJC_MSGSEND = YES;
				GCC_C_LANGUAGE_STANDARD = gnu99;
				GCC_NO_COMMON_BLOCKS = YES;
				GCC_WARN_64_TO_32_BIT_CONVERSION = YES;
				GCC_WARN_ABOUT_RETURN_TYPE = YES_ERROR;
				GCC_WARN_UNDECLARED_SELECTOR = YES;
				GCC_WARN_UNINITIALIZED_AUTOS = YES_AGGRESSIVE;
				GCC_WARN_UNUSED_FUNCTION = YES;
				GCC_WARN_UNUSED_VARIABLE = YES;
				IPHONEOS_DEPLOYMENT_TARGET = 9.2;
				MTL_ENABLE_DEBUG_INFO = NO;
				SDKROOT = iphoneos;
				VALIDATE_PRODUCT = YES;
			};
			name = Release;
		};
		35A34B681D4EB9A800C39813 /* Debug */ = {
			isa = XCBuildConfiguration;
			buildSettings = {
				ASSETCATALOG_COMPILER_APPICON_NAME = AppIcon;
				INFOPLIST_FILE = "01-日期选择器/Info.plist";
				LD_RUNPATH_SEARCH_PATHS = "$(inherited) @executable_path/Frameworks";
				PRODUCT_BUNDLE_IDENTIFIER = "linw.-1------";
				PRODUCT_NAME = "$(TARGET_NAME)";
			};
			name = Debug;
		};
		35A34B691D4EB9A800C39813 /* Release */ = {
			isa = XCBuildConfiguration;
			buildSettings = {
				ASSETCATALOG_COMPILER_APPICON_NAME = AppIcon;
				INFOPLIST_FILE = "01-日期选择器/Info.plist";
				LD_RUNPATH_SEARCH_PATHS = "$(inherited) @executable_path/Frameworks";
				PRODUCT_BUNDLE_IDENTIFIER = "linw.-1------";
				PRODUCT_NAME = "$(TARGET_NAME)";
			};
			name = Release;
		};
/* End XCBuildConfiguration section */

/* Begin XCConfigurationList section */
		35A34B4B1D4EB9A700C39813 /* Build configuration list for PBXProject "01-日期选择器" */ = {
			isa = XCConfigurationList;
			buildConfigurations = (
				35A34B651D4EB9A800C39813 /* Debug */,
				35A34B661D4EB9A800C39813 /* Release */,
			);
			defaultConfigurationIsVisible = 0;
			defaultConfigurationName = Release;
		};
		35A34B671D4EB9A800C39813 /* Build configuration list for PBXNativeTarget "01-日期选择器" */ = {
			isa = XCConfigurationList;
			buildConfigurations = (
				35A34B681D4EB9A800C39813 /* Debug */,
				35A34B691D4EB9A800C39813 /* Release */,
			);
			defaultConfigurationIsVisible = 0;
			defaultConfigurationName = Release;
		};
/* End XCConfigurationList section */
	};
	rootObject = 35A34B481D4EB9A700C39813 /* Project object */;
}
