// !$*UTF8*$!
{
	archiveVersion = 1;
	classes = {
	};
	objectVersion = 46;
	objects = {

/* Begin PBXBuildFile section */
		352468261D71F99300C84212 /* main.m in Sources */ = {isa = PBXBuildFile; fileRef = 352468251D71F99300C84212 /* main.m */; };
		352468291D71F99300C84212 /* AppDelegate.m in Sources */ = {isa = PBXBuildFile; fileRef = 352468281D71F99300C84212 /* AppDelegate.m */; };
		3524682C1D71F99300C84212 /* ViewController.m in Sources */ = {isa = PBXBuildFile; fileRef = 3524682B1D71F99300C84212 /* ViewController.m */; };
		3524682F1D71F99300C84212 /* Main.storyboard in Resources */ = {isa = PBXBuildFile; fileRef = 3524682D1D71F99300C84212 /* Main.storyboard */; };
		352468311D71F99300C84212 /* Assets.xcassets in Resources */ = {isa = PBXBuildFile; fileRef = 352468301D71F99300C84212 /* Assets.xcassets */; };
		352468341D71F99300C84212 /* LaunchScreen.storyboard in Resources */ = {isa = PBXBuildFile; fileRef = 352468321D71F99300C84212 /* LaunchScreen.storyboard */; };
/* End PBXBuildFile section */

/* Begin PBXFileReference section */
		352468211D71F99300C84212 /* 23-plist文件存取.app */ = {isa = PBXFileReference; explicitFileType = wrapper.application; includeInIndex = 0; path = "23-plist文件存取.app"; sourceTree = BUILT_PRODUCTS_DIR; };
		352468251D71F99300C84212 /* main.m */ = {isa = PBXFileReference; lastKnownFileType = sourcecode.c.objc; path = main.m; sourceTree = "<group>"; };
		352468271D71F99300C84212 /* AppDelegate.h */ = {isa = PBXFileReference; lastKnownFileType = sourcecode.c.h; path = AppDelegate.h; sourceTree = "<group>"; };
		352468281D71F99300C84212 /* AppDelegate.m */ = {isa = PBXFileReference; lastKnownFileType = sourcecode.c.objc; path = AppDelegate.m; sourceTree = "<group>"; };
		3524682A1D71F99300C84212 /* ViewController.h */ = {isa = PBXFileReference; lastKnownFileType = sourcecode.c.h; path = ViewController.h; sourceTree = "<group>"; };
		3524682B1D71F99300C84212 /* ViewController.m */ = {isa = PBXFileReference; lastKnownFileType = sourcecode.c.objc; path = ViewController.m; sourceTree = "<group>"; };
		3524682E1D71F99300C84212 /* Base */ = {isa = PBXFileReference; lastKnownFileType = file.storyboard; name = Base; path = Base.lproj/Main.storyboard; sourceTree = "<group>"; };
		352468301D71F99300C84212 /* Assets.xcassets */ = {isa = PBXFileReference; lastKnownFileType = folder.assetcatalog; path = Assets.xcassets; sourceTree = "<group>"; };
		352468331D71F99300C84212 /* Base */ = {isa = PBXFileReference; lastKnownFileType = file.storyboard; name = Base; path = Base.lproj/LaunchScreen.storyboard; sourceTree = "<group>"; };
		352468351D71F99300C84212 /* Info.plist */ = {isa = PBXFileReference; lastKnownFileType = text.plist.xml; path = Info.plist; sourceTree = "<group>"; };
/* End PBXFileReference section */

/* Begin PBXFrameworksBuildPhase section */
		3524681E1D71F99300C84212 /* Frameworks */ = {
			isa = PBXFrameworksBuildPhase;
			buildActionMask = 2147483647;
			files = (
			);
			runOnlyForDeploymentPostprocessing = 0;
		};
/* End PBXFrameworksBuildPhase section */

/* Begin PBXGroup section */
		352468181D71F99300C84212 = {
			isa = PBXGroup;
			children = (
				352468231D71F99300C84212 /* 23-plist文件存取 */,
				352468221D71F99300C84212 /* Products */,
			);
			sourceTree = "<group>";
		};
		352468221D71F99300C84212 /* Products */ = {
			isa = PBXGroup;
			children = (
				352468211D71F99300C84212 /* 23-plist文件存取.app */,
			);
			name = Products;
			sourceTree = "<group>";
		};
		352468231D71F99300C84212 /* 23-plist文件存取 */ = {
			isa = PBXGroup;
			children = (
				352468271D71F99300C84212 /* AppDelegate.h */,
				352468281D71F99300C84212 /* AppDelegate.m */,
				3524682A1D71F99300C84212 /* ViewController.h */,
				3524682B1D71F99300C84212 /* ViewController.m */,
				3524682D1D71F99300C84212 /* Main.storyboard */,
				352468301D71F99300C84212 /* Assets.xcassets */,
				352468321D71F99300C84212 /* LaunchScreen.storyboard */,
				352468351D71F99300C84212 /* Info.plist */,
				352468241D71F99300C84212 /* Supporting Files */,
			);
			path = "23-plist文件存取";
			sourceTree = "<group>";
		};
		352468241D71F99300C84212 /* Supporting Files */ = {
			isa = PBXGroup;
			children = (
				352468251D71F99300C84212 /* main.m */,
			);
			name = "Supporting Files";
			sourceTree = "<group>";
		};
/* End PBXGroup section */

/* Begin PBXNativeTarget section */
		352468201D71F99300C84212 /* 23-plist文件存取 */ = {
			isa = PBXNativeTarget;
			buildConfigurationList = 352468381D71F99300C84212 /* Build configuration list for PBXNativeTarget "23-plist文件存取" */;
			buildPhases = (
				3524681D1D71F99300C84212 /* Sources */,
				3524681E1D71F99300C84212 /* Frameworks */,
				3524681F1D71F99300C84212 /* Resources */,
			);
			buildRules = (
			);
			dependencies = (
			);
			name = "23-plist文件存取";
			productName = "23-plist文件存取";
			productReference = 352468211D71F99300C84212 /* 23-plist文件存取.app */;
			productType = "com.apple.product-type.application";
		};
/* End PBXNativeTarget section */

/* Begin PBXProject section */
		352468191D71F99300C84212 /* Project object */ = {
			isa = PBXProject;
			attributes = {
				LastUpgradeCheck = 0720;
				ORGANIZATIONNAME = linw;
				TargetAttributes = {
					352468201D71F99300C84212 = {
						CreatedOnToolsVersion = 7.2.1;
						DevelopmentTeam = KQ93P39MFH;
					};
				};
			};
			buildConfigurationList = 3524681C1D71F99300C84212 /* Build configuration list for PBXProject "23-plist文件存取" */;
			compatibilityVersion = "Xcode 3.2";
			developmentRegion = English;
			hasScannedForEncodings = 0;
			knownRegions = (
				en,
				Base,
			);
			mainGroup = 352468181D71F99300C84212;
			productRefGroup = 352468221D71F99300C84212 /* Products */;
			projectDirPath = "";
			projectRoot = "";
			targets = (
				352468201D71F99300C84212 /* 23-plist文件存取 */,
			);
		};
/* End PBXProject section */

/* Begin PBXResourcesBuildPhase section */
		3524681F1D71F99300C84212 /* Resources */ = {
			isa = PBXResourcesBuildPhase;
			buildActionMask = 2147483647;
			files = (
				352468341D71F99300C84212 /* LaunchScreen.storyboard in Resources */,
				352468311D71F99300C84212 /* Assets.xcassets in Resources */,
				3524682F1D71F99300C84212 /* Main.storyboard in Resources */,
			);
			runOnlyForDeploymentPostprocessing = 0;
		};
/* End PBXResourcesBuildPhase section */

/* Begin PBXSourcesBuildPhase section */
		3524681D1D71F99300C84212 /* Sources */ = {
			isa = PBXSourcesBuildPhase;
			buildActionMask = 2147483647;
			files = (
				3524682C1D71F99300C84212 /* ViewController.m in Sources */,
				352468291D71F99300C84212 /* AppDelegate.m in Sources */,
				352468261D71F99300C84212 /* main.m in Sources */,
			);
			runOnlyForDeploymentPostprocessing = 0;
		};
/* End PBXSourcesBuildPhase section */

/* Begin PBXVariantGroup section */
		3524682D1D71F99300C84212 /* Main.storyboard */ = {
			isa = PBXVariantGroup;
			children = (
				3524682E1D71F99300C84212 /* Base */,
			);
			name = Main.storyboard;
			sourceTree = "<group>";
		};
		352468321D71F99300C84212 /* LaunchScreen.storyboard */ = {
			isa = PBXVariantGroup;
			children = (
				352468331D71F99300C84212 /* Base */,
			);
			name = LaunchScreen.storyboard;
			sourceTree = "<group>";
		};
/* End PBXVariantGroup section */

/* Begin XCBuildConfiguration section */
		352468361D71F99300C84212 /* Debug */ = {
			isa = XCBuildConfiguration;
			buildSettings = {
				ALWAYS_SEARCH_USER_PATHS = NO;
				CLANG_CXX_LANGUAGE_STANDARD = "gnu++0x";
				CLANG_CXX_LIBRARY = "libc++";
				CLANG_ENABLE_MODULES = YES;
				CLANG_ENABLE_OBJC_ARC = YES;
				CLANG_WARN_BOOL_CONVERSION = YES;
				CLANG_WARN_CONSTANT_CONVERSION = YES;
				CLANG_WARN_DIRECT_OBJC_ISA_USAGE = YES_ERROR;
				CLANG_WARN_EMPTY_BODY = YES;
				CLANG_WARN_ENUM_CONVERSION = YES;
				CLANG_WARN_INT_CONVERSION = YES;
				CLANG_WARN_OBJC_ROOT_CLASS = YES_ERROR;
				CLANG_WARN_UNREACHABLE_CODE = YES;
				CLANG_WARN__DUPLICATE_METHOD_MATCH = YES;
				"CODE_SIGN_IDENTITY[sdk=iphoneos*]" = "iPhone Developer";
				COPY_PHASE_STRIP = NO;
				DEBUG_INFORMATION_FORMAT = dwarf;
				ENABLE_STRICT_OBJC_MSGSEND = YES;
				ENABLE_TESTABILITY = YES;
				GCC_C_LANGUAGE_STANDARD = gnu99;
				GCC_DYNAMIC_NO_PIC = NO;
				GCC_NO_COMMON_BLOCKS = YES;
				GCC_OPTIMIZATION_LEVEL = 0;
				GCC_PREPROCESSOR_DEFINITIONS = (
					"DEBUG=1",
					"$(inherited)",
				);
				GCC_WARN_64_TO_32_BIT_CONVERSION = YES;
				GCC_WARN_ABOUT_RETURN_TYPE = YES_ERROR;
				GCC_WARN_UNDECLARED_SELECTOR = YES;
				GCC_WARN_UNINITIALIZED_AUTOS = YES_AGGRESSIVE;
				GCC_WARN_UNUSED_FUNCTION = YES;
				GCC_WARN_UNUSED_VARIABLE = YES;
				IPHONEOS_DEPLOYMENT_TARGET = 9.2;
				MTL_ENABLE_DEBUG_INFO = YES;
				ONLY_ACTIVE_ARCH = YES;
				SDKROOT = iphoneos;
			};
			name = Debug;
		};
		352468371D71F99300C84212 /* Release */ = {
			isa = XCBuildConfiguration;
			buildSettings = {
				ALWAYS_SEARCH_USER_PATHS = NO;
				CLANG_CXX_LANGUAGE_STANDARD = "gnu++0x";
				CLANG_CXX_LIBRARY = "libc++";
				CLANG_ENABLE_MODULES = YES;
				CLANG_ENABLE_OBJC_ARC = YES;
				CLANG_WARN_BOOL_CONVERSION = YES;
				CLANG_WARN_CONSTANT_CONVERSION = YES;
				CLANG_WARN_DIRECT_OBJC_ISA_USAGE = YES_ERROR;
				CLANG_WARN_EMPTY_BODY = YES;
				CLANG_WARN_ENUM_CONVERSION = YES;
				CLANG_WARN_INT_CONVERSION = YES;
				CLANG_WARN_OBJC_ROOT_CLASS = YES_ERROR;
				CLANG_WARN_UNREACHABLE_CODE = YES;
				CLANG_WARN__DUPLICATE_METHOD_MATCH = YES;
				"CODE_SIGN_IDENTITY[sdk=iphoneos*]" = "iPhone Developer";
				COPY_PHASE_STRIP = NO;
				DEBUG_INFORMATION_FORMAT = "dwarf-with-dsym";
				ENABLE_NS_ASSERTIONS = NO;
				ENABLE_STRICT_OBJC_MSGSEND = YES;
				GCC_C_LANGUAGE_STANDARD = gnu99;
				GCC_NO_COMMON_BLOCKS = YES;
				GCC_WARN_64_TO_32_BIT_CONVERSION = YES;
				GCC_WARN_ABOUT_RETURN_TYPE = YES_ERROR;
				GCC_WARN_UNDECLARED_SELECTOR = YES;
				GCC_WARN_UNINITIALIZED_AUTOS = YES_AGGRESSIVE;
				GCC_WARN_UNUSED_FUNCTION = YES;
				GCC_WARN_UNUSED_VARIABLE = YES;
				IPHONEOS_DEPLOYMENT_TARGET = 9.2;
				MTL_ENABLE_DEBUG_INFO = NO;
				SDKROOT = iphoneos;
				VALIDATE_PRODUCT = YES;
			};
			name = Release;
		};
		352468391D71F99300C84212 /* Debug */ = {
			isa = XCBuildConfiguration;
			buildSettings = {
				ASSETCATALOG_COMPILER_APPICON_NAME = AppIcon;
				INFOPLIST_FILE = "23-plist文件存取/Info.plist";
				LD_RUNPATH_SEARCH_PATHS = "$(inherited) @executable_path/Frameworks";
				PRODUCT_BUNDLE_IDENTIFIER = "linw.-3-plist----";
				PRODUCT_NAME = "$(TARGET_NAME)";
			};
			name = Debug;
		};
		3524683A1D71F99300C84212 /* Release */ = {
			isa = XCBuildConfiguration;
			buildSettings = {
				ASSETCATALOG_COMPILER_APPICON_NAME = AppIcon;
				INFOPLIST_FILE = "23-plist文件存取/Info.plist";
				LD_RUNPATH_SEARCH_PATHS = "$(inherited) @executable_path/Frameworks";
				PRODUCT_BUNDLE_IDENTIFIER = "linw.-3-plist----";
				PRODUCT_NAME = "$(TARGET_NAME)";
			};
			name = Release;
		};
/* End XCBuildConfiguration section */

/* Begin XCConfigurationList section */
		3524681C1D71F99300C84212 /* Build configuration list for PBXProject "23-plist文件存取" */ = {
			isa = XCConfigurationList;
			buildConfigurations = (
				352468361D71F99300C84212 /* Debug */,
				352468371D71F99300C84212 /* Release */,
			);
			defaultConfigurationIsVisible = 0;
			defaultConfigurationName = Release;
		};
		352468381D71F99300C84212 /* Build configuration list for PBXNativeTarget "23-plist文件存取" */ = {
			isa = XCConfigurationList;
			buildConfigurations = (
				352468391D71F99300C84212 /* Debug */,
				3524683A1D71F99300C84212 /* Release */,
			);
			defaultConfigurationIsVisible = 0;
		};
/* End XCConfigurationList section */
	};
	rootObject = 352468191D71F99300C84212 /* Project object */;
}
